{
    "_readme": [
        "This file locks the dependencies of your project to a known state",
        "Read more about it at https://getcomposer.org/doc/01-basic-usage.md#composer-lock-the-lock-file",
        "This file is @generated automatically"
    ],
    "content-hash": "d5522df4377a4f4cea7d865d9dddce63",
    "packages": [
        {
            "name": "rdx/db",
            "version": "1.11",
            "source": {
                "type": "git",
                "url": "https://github.com/rudiedirkx/db_generic.git",
                "reference": "37f54e98027671253a9b004d254793e6fa1ddb14"
            },
            "dist": {
                "type": "zip",
                "url": "https://api.github.com/repos/rudiedirkx/db_generic/zipball/37f54e98027671253a9b004d254793e6fa1ddb14",
                "reference": "37f54e98027671253a9b004d254793e6fa1ddb14",
                "shasum": ""
            },
            "type": "library",
            "autoload": {
                "classmap": [
                    "db_generic.php",
                    "db_mysql.php",
                    "db_sqlite.php"
                ]
            },
            "notification-url": "https://packagist.org/downloads/",
            "license": [
                "MIT"
            ],
            "authors": [
                {
                    "name": "Rudie Dirkx",
                    "email": "github@hotblocks.nl"
                }
            ],
            "description": "Simple MySQL/SQLite wrapper",
            "time": "2018-08-02T09:22:52+00:00"
        },
        {
            "name": "rdx/imap",
            "version": "2.7",
            "source": {
                "type": "git",
                "url": "https://github.com/rudiedirkx/imap-reader.git",
                "reference": "7f77a3b6e932c0a7bef0b66434ab1b069899abd1"
            },
            "dist": {
                "type": "zip",
                "url": "https://api.github.com/repos/rudiedirkx/imap-reader/zipball/7f77a3b6e932c0a7bef0b66434ab1b069899abd1",
                "reference": "7f77a3b6e932c0a7bef0b66434ab1b069899abd1",
                "shasum": ""
            },
            "require": {
                "ext-imap": "*"
            },
            "type": "library",
            "autoload": {
                "psr-4": {
                    "rdx\\imap\\": "src"
                }
            },
            "notification-url": "https://packagist.org/downloads/",
            "license": [
                "MIT"
            ],
            "authors": [
                {
                    "name": "Rudie Dirkx",
                    "email": "github@hotblocks.nl"
                }
            ],
            "description": "Reads and parses e-mail from an IMAP/POP3 source",
            "time": "2019-05-09T01:23:00+00:00"
        }
    ],
    "packages-dev": [],
    "aliases": [],
    "minimum-stability": "stable",
    "stability-flags": [],
    "prefer-stable": false,
    "prefer-lowest": false,
    "platform": {
        "php": ">=7.1.4"
    },
    "platform-dev": []
}
